
Microsoft Visual Studio Solution File, Format Version 12.00
# Visual Studio Version 16
VisualStudioVersion = 16.0.31025.194
MinimumVisualStudioVersion = 10.0.40219.1
Project("{8BC9CEB8-8B4A-11D0-8D11-00A0C91BC942}") = "CS210Project2", "CS210Project2\CS210Project2.vcxproj", "{6E47F5E8-ADF1-42CC-B6B4-AEC8FCDD053A}"
EndProject
Global
	GlobalSection(SolutionConfigurationPlatforms) = preSolution
		Debug|x64 = Debug|x64
		Debug|x86 = Debug|x86
		Release|x64 = Release|x64
		Release|x86 = Release|x86
	EndGlobalSection
	GlobalSection(ProjectConfigurationPlatforms) = postSolution
		{6E47F5E8-ADF1-42CC-B6B4-AEC8FCDD053A}.Debug|x64.ActiveCfg = Debug|x64
		{6E47F5E8-ADF1-42CC-B6B4-AEC8FCDD053A}.Debug|x64.Build.0 = Debug|x64
		{6E47F5E8-ADF1-42CC-B6B4-AEC8FCDD053A}.Debug|x86.ActiveCfg = Debug|Win32
		{6E47F5E8-ADF1-42CC-B6B4-AEC8FCDD053A}.Debug|x86.Build.0 = Debug|Win32
		{6E47F5E8-ADF1-42CC-B6B4-AEC8FCDD053A}.Release|x64.ActiveCfg = Release|x64
		{6E47F5E8-ADF1-42CC-B6B4-AEC8FCDD053A}.Release|x64.Build.0 = Release|x64
		{6E47F5E8-ADF1-42CC-B6B4-AEC8FCDD053A}.Release|x86.ActiveCfg = Release|Win32
		{6E47F5E8-ADF1-42CC-B6B4-AEC8FCDD053A}.Release|x86.Build.0 = Release|Win32
	EndGlobalSection
	GlobalSection(SolutionProperties) = preSolution
		HideSolutionNode = FALSE
	EndGlobalSection
	GlobalSection(ExtensibilityGlobals) = postSolution
		SolutionGuid = {C027B4D8-DF00-4B3A-9EFC-8F0B48543AE4}
	EndGlobalSection
EndGlobal
